
Microsoft Visual Studio Solution File, Format Version 12.00
# Visual Studio Version 16
VisualStudioVersion = 16.0.29709.97
MinimumVisualStudioVersion = 15.0.26124.0
Project("{9A19103F-16F7-4668-BE54-9A1E7A4F7556}") = "SimpleOAuth", "src\SimpleOauth\SimpleOAuth.csproj", "{61191A06-E562-448D-B913-433420A66015}"
EndProject
Project("{2150E333-8FDC-42A3-9474-1A3956D46DE8}") = "src", "src", "{ED3D30E0-B6F4-42C4-AF57-ABC364D1EFA2}"
EndProject
Project("{9A19103F-16F7-4668-BE54-9A1E7A4F7556}") = "test", "src\test\test.csproj", "{1C2288FA-35D6-413E-8662-8D0F29AA7893}"
EndProject
Project("{FAE04EC0-301F-11D3-BF4B-00C04F79EFBC}") = "XUnitTestProject", "src\XUnitTestProject\XUnitTestProject.csproj", "{5B12FD0C-C5C2-4B76-B990-5DEA47D2B99C}"
EndProject
Global
	GlobalSection(SolutionConfigurationPlatforms) = preSolution
		Debug|Any CPU = Debug|Any CPU
		Debug|x64 = Debug|x64
		Debug|x86 = Debug|x86
		Release|Any CPU = Release|Any CPU
		Release|x64 = Release|x64
		Release|x86 = Release|x86
	EndGlobalSection
	GlobalSection(ProjectConfigurationPlatforms) = postSolution
		{61191A06-E562-448D-B913-433420A66015}.Debug|Any CPU.ActiveCfg = Debug|Any CPU
		{61191A06-E562-448D-B913-433420A66015}.Debug|Any CPU.Build.0 = Debug|Any CPU
		{61191A06-E562-448D-B913-433420A66015}.Debug|x64.ActiveCfg = Debug|Any CPU
		{61191A06-E562-448D-B913-433420A66015}.Debug|x64.Build.0 = Debug|Any CPU
		{61191A06-E562-448D-B913-433420A66015}.Debug|x86.ActiveCfg = Debug|Any CPU
		{61191A06-E562-448D-B913-433420A66015}.Debug|x86.Build.0 = Debug|Any CPU
		{61191A06-E562-448D-B913-433420A66015}.Release|Any CPU.ActiveCfg = Release|Any CPU
		{61191A06-E562-448D-B913-433420A66015}.Release|Any CPU.Build.0 = Release|Any CPU
		{61191A06-E562-448D-B913-433420A66015}.Release|x64.ActiveCfg = Release|Any CPU
		{61191A06-E562-448D-B913-433420A66015}.Release|x64.Build.0 = Release|Any CPU
		{61191A06-E562-448D-B913-433420A66015}.Release|x86.ActiveCfg = Release|Any CPU
		{61191A06-E562-448D-B913-433420A66015}.Release|x86.Build.0 = Release|Any CPU
		{1C2288FA-35D6-413E-8662-8D0F29AA7893}.Debug|Any CPU.ActiveCfg = Debug|Any CPU
		{1C2288FA-35D6-413E-8662-8D0F29AA7893}.Debug|Any CPU.Build.0 = Debug|Any CPU
		{1C2288FA-35D6-413E-8662-8D0F29AA7893}.Debug|x64.ActiveCfg = Debug|Any CPU
		{1C2288FA-35D6-413E-8662-8D0F29AA7893}.Debug|x64.Build.0 = Debug|Any CPU
		{1C2288FA-35D6-413E-8662-8D0F29AA7893}.Debug|x86.ActiveCfg = Debug|Any CPU
		{1C2288FA-35D6-413E-8662-8D0F29AA7893}.Debug|x86.Build.0 = Debug|Any CPU
		{1C2288FA-35D6-413E-8662-8D0F29AA7893}.Release|Any CPU.ActiveCfg = Release|Any CPU
		{1C2288FA-35D6-413E-8662-8D0F29AA7893}.Release|Any CPU.Build.0 = Release|Any CPU
		{1C2288FA-35D6-413E-8662-8D0F29AA7893}.Release|x64.ActiveCfg = Release|Any CPU
		{1C2288FA-35D6-413E-8662-8D0F29AA7893}.Release|x64.Build.0 = Release|Any CPU
		{1C2288FA-35D6-413E-8662-8D0F29AA7893}.Release|x86.ActiveCfg = Release|Any CPU
		{1C2288FA-35D6-413E-8662-8D0F29AA7893}.Release|x86.Build.0 = Release|Any CPU
		{5B12FD0C-C5C2-4B76-B990-5DEA47D2B99C}.Debug|Any CPU.ActiveCfg = Debug|Any CPU
		{5B12FD0C-C5C2-4B76-B990-5DEA47D2B99C}.Debug|Any CPU.Build.0 = Debug|Any CPU
		{5B12FD0C-C5C2-4B76-B990-5DEA47D2B99C}.Debug|x64.ActiveCfg = Debug|Any CPU
		{5B12FD0C-C5C2-4B76-B990-5DEA47D2B99C}.Debug|x64.Build.0 = Debug|Any CPU
		{5B12FD0C-C5C2-4B76-B990-5DEA47D2B99C}.Debug|x86.ActiveCfg = Debug|Any CPU
		{5B12FD0C-C5C2-4B76-B990-5DEA47D2B99C}.Debug|x86.Build.0 = Debug|Any CPU
		{5B12FD0C-C5C2-4B76-B990-5DEA47D2B99C}.Release|Any CPU.ActiveCfg = Release|Any CPU
		{5B12FD0C-C5C2-4B76-B990-5DEA47D2B99C}.Release|Any CPU.Build.0 = Release|Any CPU
		{5B12FD0C-C5C2-4B76-B990-5DEA47D2B99C}.Release|x64.ActiveCfg = Release|Any CPU
		{5B12FD0C-C5C2-4B76-B990-5DEA47D2B99C}.Release|x64.Build.0 = Release|Any CPU
		{5B12FD0C-C5C2-4B76-B990-5DEA47D2B99C}.Release|x86.ActiveCfg = Release|Any CPU
		{5B12FD0C-C5C2-4B76-B990-5DEA47D2B99C}.Release|x86.Build.0 = Release|Any CPU
	EndGlobalSection
	GlobalSection(SolutionProperties) = preSolution
		HideSolutionNode = FALSE
	EndGlobalSection
	GlobalSection(NestedProjects) = preSolution
		{61191A06-E562-448D-B913-433420A66015} = {ED3D30E0-B6F4-42C4-AF57-ABC364D1EFA2}
		{1C2288FA-35D6-413E-8662-8D0F29AA7893} = {ED3D30E0-B6F4-42C4-AF57-ABC364D1EFA2}
		{5B12FD0C-C5C2-4B76-B990-5DEA47D2B99C} = {ED3D30E0-B6F4-42C4-AF57-ABC364D1EFA2}
	EndGlobalSection
	GlobalSection(ExtensibilityGlobals) = postSolution
		SolutionGuid = {AC7D67ED-194F-4901-BE86-013FD8C38FAA}
	EndGlobalSection
EndGlobal
